
Microsoft Visual Studio Solution File, Format Version 12.00
# Visual Studio Version 17
VisualStudioVersion = 17.14.36202.13
MinimumVisualStudioVersion = 10.0.40219.1
Project("{FAE04EC0-301F-11D3-BF4B-00C04F79EFBC}") = "ExampleProjectDDD.Domain", "ExampleProjectDDD.Domain\ExampleProjectDDD.Domain.csproj", "{8F20C3FC-8BDC-444D-99B8-E071734FE8B3}"
EndProject
Project("{2150E333-8FDC-42A3-9474-1A3956D46DE8}") = "Shared", "Shared", "{02EA681E-C7D8-13C7-8484-4AC65E1B71E8}"
EndProject
Project("{FAE04EC0-301F-11D3-BF4B-00C04F79EFBC}") = "ExampleProjectDDD.Shared.Abstraction", "ExampleProjectDDD.Shared.Abstraction\ExampleProjectDDD.Shared.Abstraction.csproj", "{843ECB25-9DB0-4EB8-A62E-5BF74C1AEAA2}"
EndProject
Project("{FAE04EC0-301F-11D3-BF4B-00C04F79EFBC}") = "ExampleProjectDDD.Application", "ExampleProjectDDD.Application\ExampleProjectDDD.Application.csproj", "{001FFF5C-1BAE-44AD-B60A-07B0092D2BF5}"
EndProject
Project("{FAE04EC0-301F-11D3-BF4B-00C04F79EFBC}") = "ExampleProjectDDD.Infrastructure", "ExampleProjectDDD.Infrastructure\ExampleProjectDDD.Infrastructure.csproj", "{AD1BB436-99DB-481C-832C-574749A72BC2}"
EndProject
Project("{FAE04EC0-301F-11D3-BF4B-00C04F79EFBC}") = "ExampleProjectDDD.Api", "ExampleProjectDDD.Api\ExampleProjectDDD.Api.csproj", "{F3C76401-2092-45E2-8C3A-C3341E6AEE39}"
EndProject
Project("{FAE04EC0-301F-11D3-BF4B-00C04F79EFBC}") = "ExampleProjectDDD.Shared", "ExampleProjectDDD.Shared\ExampleProjectDDD.Shared.csproj", "{2B02FA45-EB69-481B-936E-2D26C1F78B96}"
EndProject
Global
	GlobalSection(SolutionConfigurationPlatforms) = preSolution
		Debug|Any CPU = Debug|Any CPU
		Release|Any CPU = Release|Any CPU
	EndGlobalSection
	GlobalSection(ProjectConfigurationPlatforms) = postSolution
		{8F20C3FC-8BDC-444D-99B8-E071734FE8B3}.Debug|Any CPU.ActiveCfg = Debug|Any CPU
		{8F20C3FC-8BDC-444D-99B8-E071734FE8B3}.Debug|Any CPU.Build.0 = Debug|Any CPU
		{8F20C3FC-8BDC-444D-99B8-E071734FE8B3}.Release|Any CPU.ActiveCfg = Release|Any CPU
		{8F20C3FC-8BDC-444D-99B8-E071734FE8B3}.Release|Any CPU.Build.0 = Release|Any CPU
		{843ECB25-9DB0-4EB8-A62E-5BF74C1AEAA2}.Debug|Any CPU.ActiveCfg = Debug|Any CPU
		{843ECB25-9DB0-4EB8-A62E-5BF74C1AEAA2}.Debug|Any CPU.Build.0 = Debug|Any CPU
		{843ECB25-9DB0-4EB8-A62E-5BF74C1AEAA2}.Release|Any CPU.ActiveCfg = Release|Any CPU
		{843ECB25-9DB0-4EB8-A62E-5BF74C1AEAA2}.Release|Any CPU.Build.0 = Release|Any CPU
		{001FFF5C-1BAE-44AD-B60A-07B0092D2BF5}.Debug|Any CPU.ActiveCfg = Debug|Any CPU
		{001FFF5C-1BAE-44AD-B60A-07B0092D2BF5}.Debug|Any CPU.Build.0 = Debug|Any CPU
		{001FFF5C-1BAE-44AD-B60A-07B0092D2BF5}.Release|Any CPU.ActiveCfg = Release|Any CPU
		{001FFF5C-1BAE-44AD-B60A-07B0092D2BF5}.Release|Any CPU.Build.0 = Release|Any CPU
		{AD1BB436-99DB-481C-832C-574749A72BC2}.Debug|Any CPU.ActiveCfg = Debug|Any CPU
		{AD1BB436-99DB-481C-832C-574749A72BC2}.Debug|Any CPU.Build.0 = Debug|Any CPU
		{AD1BB436-99DB-481C-832C-574749A72BC2}.Release|Any CPU.ActiveCfg = Release|Any CPU
		{AD1BB436-99DB-481C-832C-574749A72BC2}.Release|Any CPU.Build.0 = Release|Any CPU
		{F3C76401-2092-45E2-8C3A-C3341E6AEE39}.Debug|Any CPU.ActiveCfg = Debug|Any CPU
		{F3C76401-2092-45E2-8C3A-C3341E6AEE39}.Debug|Any CPU.Build.0 = Debug|Any CPU
		{F3C76401-2092-45E2-8C3A-C3341E6AEE39}.Release|Any CPU.ActiveCfg = Release|Any CPU
		{F3C76401-2092-45E2-8C3A-C3341E6AEE39}.Release|Any CPU.Build.0 = Release|Any CPU
		{2B02FA45-EB69-481B-936E-2D26C1F78B96}.Debug|Any CPU.ActiveCfg = Debug|Any CPU
		{2B02FA45-EB69-481B-936E-2D26C1F78B96}.Debug|Any CPU.Build.0 = Debug|Any CPU
		{2B02FA45-EB69-481B-936E-2D26C1F78B96}.Release|Any CPU.ActiveCfg = Release|Any CPU
		{2B02FA45-EB69-481B-936E-2D26C1F78B96}.Release|Any CPU.Build.0 = Release|Any CPU
	EndGlobalSection
	GlobalSection(SolutionProperties) = preSolution
		HideSolutionNode = FALSE
	EndGlobalSection
	GlobalSection(NestedProjects) = preSolution
		{843ECB25-9DB0-4EB8-A62E-5BF74C1AEAA2} = {02EA681E-C7D8-13C7-8484-4AC65E1B71E8}
	EndGlobalSection
	GlobalSection(ExtensibilityGlobals) = postSolution
		SolutionGuid = {B523AC01-3B3B-4E11-87E5-DFD5C8D5B765}
	EndGlobalSection
EndGlobal
